// !$*UTF8*$!
{
	archiveVersion = 1;
	classes = {
	};
	objectVersion = 46;
	objects = {

/* Begin PBXBuildFile section */
		45BB11AC1D22D90600D4ED47 /* AppDelegate.swift in Sources */ = {isa = PBXBuildFile; fileRef = 45BB11AB1D22D90600D4ED47 /* AppDelegate.swift */; };
		45BB11AE1D22D90600D4ED47 /* ViewController.swift in Sources */ = {isa = PBXBuildFile; fileRef = 45BB11AD1D22D90600D4ED47 /* ViewController.swift */; };
		45BB11B11D22D90600D4ED47 /* Main.storyboard in Resources */ = {isa = PBXBuildFile; fileRef = 45BB11AF1D22D90600D4ED47 /* Main.storyboard */; };
		45BB11B31D22D90600D4ED47 /* Assets.xcassets in Resources */ = {isa = PBXBuildFile; fileRef = 45BB11B21D22D90600D4ED47 /* Assets.xcassets */; };
		45BB11B61D22D90600D4ED47 /* LaunchScreen.storyboard in Resources */ = {isa = PBXBuildFile; fileRef = 45BB11B41D22D90600D4ED47 /* LaunchScreen.storyboard */; };
		45BB11C11D22D90600D4ED47 /* LessonTextTests.swift in Sources */ = {isa = PBXBuildFile; fileRef = 45BB11C01D22D90600D4ED47 /* LessonTextTests.swift */; };
		45BB11CC1D22D90600D4ED47 /* LessonTextUITests.swift in Sources */ = {isa = PBXBuildFile; fileRef = 45BB11CB1D22D90600D4ED47 /* LessonTextUITests.swift */; };
/* End PBXBuildFile section */

/* Begin PBXContainerItemProxy section */
		45BB11BD1D22D90600D4ED47 /* PBXContainerItemProxy */ = {
			isa = PBXContainerItemProxy;
			containerPortal = 45BB11A01D22D90500D4ED47 /* Project object */;
			proxyType = 1;
			remoteGlobalIDString = 45BB11A71D22D90500D4ED47;
			remoteInfo = LessonText;
		};
		45BB11C81D22D90600D4ED47 /* PBXContainerItemProxy */ = {
			isa = PBXContainerItemProxy;
			containerPortal = 45BB11A01D22D90500D4ED47 /* Project object */;
			proxyType = 1;
			remoteGlobalIDString = 45BB11A71D22D90500D4ED47;
			remoteInfo = LessonText;
		};
/* End PBXContainerItemProxy section */

/* Begin PBXFileReference section */
		45BB11A81D22D90500D4ED47 /* LessonText.app */ = {isa = PBXFileReference; explicitFileType = wrapper.application; includeInIndex = 0; path = LessonText.app; sourceTree = BUILT_PRODUCTS_DIR; };
		45BB11AB1D22D90600D4ED47 /* AppDelegate.swift */ = {isa = PBXFileReference; lastKnownFileType = sourcecode.swift; path = AppDelegate.swift; sourceTree = "<group>"; };
		45BB11AD1D22D90600D4ED47 /* ViewController.swift */ = {isa = PBXFileReference; lastKnownFileType = sourcecode.swift; path = ViewController.swift; sourceTree = "<group>"; };
		45BB11B01D22D90600D4ED47 /* Base */ = {isa = PBXFileReference; lastKnownFileType = file.storyboard; name = Base; path = Base.lproj/Main.storyboard; sourceTree = "<group>"; };
		45BB11B21D22D90600D4ED47 /* Assets.xcassets */ = {isa = PBXFileReference; lastKnownFileType = folder.assetcatalog; path = Assets.xcassets; sourceTree = "<group>"; };
		45BB11B51D22D90600D4ED47 /* Base */ = {isa = PBXFileReference; lastKnownFileType = file.storyboard; name = Base; path = Base.lproj/LaunchScreen.storyboard; sourceTree = "<group>"; };
		45BB11B71D22D90600D4ED47 /* Info.plist */ = {isa = PBXFileReference; lastKnownFileType = text.plist.xml; path = Info.plist; sourceTree = "<group>"; };
		45BB11BC1D22D90600D4ED47 /* LessonTextTests.xctest */ = {isa = PBXFileReference; explicitFileType = wrapper.cfbundle; includeInIndex = 0; path = LessonTextTests.xctest; sourceTree = BUILT_PRODUCTS_DIR; };
		45BB11C01D22D90600D4ED47 /* LessonTextTests.swift */ = {isa = PBXFileReference; lastKnownFileType = sourcecode.swift; path = LessonTextTests.swift; sourceTree = "<group>"; };
		45BB11C21D22D90600D4ED47 /* Info.plist */ = {isa = PBXFileReference; lastKnownFileType = text.plist.xml; path = Info.plist; sourceTree = "<group>"; };
		45BB11C71D22D90600D4ED47 /* LessonTextUITests.xctest */ = {isa = PBXFileReference; explicitFileType = wrapper.cfbundle; includeInIndex = 0; path = LessonTextUITests.xctest; sourceTree = BUILT_PRODUCTS_DIR; };
		45BB11CB1D22D90600D4ED47 /* LessonTextUITests.swift */ = {isa = PBXFileReference; lastKnownFileType = sourcecode.swift; path = LessonTextUITests.swift; sourceTree = "<group>"; };
		45BB11CD1D22D90600D4ED47 /* Info.plist */ = {isa = PBXFileReference; lastKnownFileType = text.plist.xml; path = Info.plist; sourceTree = "<group>"; };
/* End PBXFileReference section */

/* Begin PBXFrameworksBuildPhase section */
		45BB11A51D22D90500D4ED47 /* Frameworks */ = {
			isa = PBXFrameworksBuildPhase;
			buildActionMask = 2147483647;
			files = (
			);
			runOnlyForDeploymentPostprocessing = 0;
		};
		45BB11B91D22D90600D4ED47 /* Frameworks */ = {
			isa = PBXFrameworksBuildPhase;
			buildActionMask = 2147483647;
			files = (
			);
			runOnlyForDeploymentPostprocessing = 0;
		};
		45BB11C41D22D90600D4ED47 /* Frameworks */ = {
			isa = PBXFrameworksBuildPhase;
			buildActionMask = 2147483647;
			files = (
			);
			runOnlyForDeploymentPostprocessing = 0;
		};
/* End PBXFrameworksBuildPhase section */

/* Begin PBXGroup section */
		45BB119F1D22D90500D4ED47 = {
			isa = PBXGroup;
			children = (
				45BB11AA1D22D90600D4ED47 /* LessonText */,
				45BB11BF1D22D90600D4ED47 /* LessonTextTests */,
				45BB11CA1D22D90600D4ED47 /* LessonTextUITests */,
				45BB11A91D22D90500D4ED47 /* Products */,
			);
			sourceTree = "<group>";
		};
		45BB11A91D22D90500D4ED47 /* Products */ = {
			isa = PBXGroup;
			children = (
				45BB11A81D22D90500D4ED47 /* LessonText.app */,
				45BB11BC1D22D90600D4ED47 /* LessonTextTests.xctest */,
				45BB11C71D22D90600D4ED47 /* LessonTextUITests.xctest */,
			);
			name = Products;
			sourceTree = "<group>";
		};
		45BB11AA1D22D90600D4ED47 /* LessonText */ = {
			isa = PBXGroup;
			children = (
				45BB11AB1D22D90600D4ED47 /* AppDelegate.swift */,
				45BB11AD1D22D90600D4ED47 /* ViewController.swift */,
				45BB11AF1D22D90600D4ED47 /* Main.storyboard */,
				45BB11B21D22D90600D4ED47 /* Assets.xcassets */,
				45BB11B41D22D90600D4ED47 /* LaunchScreen.storyboard */,
				45BB11B71D22D90600D4ED47 /* Info.plist */,
			);
			path = LessonText;
			sourceTree = "<group>";
		};
		45BB11BF1D22D90600D4ED47 /* LessonTextTests */ = {
			isa = PBXGroup;
			children = (
				45BB11C01D22D90600D4ED47 /* LessonTextTests.swift */,
				45BB11C21D22D90600D4ED47 /* Info.plist */,
			);
			path = LessonTextTests;
			sourceTree = "<group>";
		};
		45BB11CA1D22D90600D4ED47 /* LessonTextUITests */ = {
			isa = PBXGroup;
			children = (
				45BB11CB1D22D90600D4ED47 /* LessonTextUITests.swift */,
				45BB11CD1D22D90600D4ED47 /* Info.plist */,
			);
			path = LessonTextUITests;
			sourceTree = "<group>";
		};
/* End PBXGroup section */

/* Begin PBXNativeTarget section */
		45BB11A71D22D90500D4ED47 /* LessonText */ = {
			isa = PBXNativeTarget;
			buildConfigurationList = 45BB11D01D22D90600D4ED47 /* Build configuration list for PBXNativeTarget "LessonText" */;
			buildPhases = (
				45BB11A41D22D90500D4ED47 /* Sources */,
				45BB11A51D22D90500D4ED47 /* Frameworks */,
				45BB11A61D22D90500D4ED47 /* Resources */,
			);
			buildRules = (
			);
			dependencies = (
			);
			name = LessonText;
			productName = LessonText;
			productReference = 45BB11A81D22D90500D4ED47 /* LessonText.app */;
			productType = "com.apple.product-type.application";
		};
		45BB11BB1D22D90600D4ED47 /* LessonTextTests */ = {
			isa = PBXNativeTarget;
			buildConfigurationList = 45BB11D31D22D90600D4ED47 /* Build configuration list for PBXNativeTarget "LessonTextTests" */;
			buildPhases = (
				45BB11B81D22D90600D4ED47 /* Sources */,
				45BB11B91D22D90600D4ED47 /* Frameworks */,
				45BB11BA1D22D90600D4ED47 /* Resources */,
			);
			buildRules = (
			);
			dependencies = (
				45BB11BE1D22D90600D4ED47 /* PBXTargetDependency */,
			);
			name = LessonTextTests;
			productName = LessonTextTests;
			productReference = 45BB11BC1D22D90600D4ED47 /* LessonTextTests.xctest */;
			productType = "com.apple.product-type.bundle.unit-test";
		};
		45BB11C61D22D90600D4ED47 /* LessonTextUITests */ = {
			isa = PBXNativeTarget;
			buildConfigurationList = 45BB11D61D22D90600D4ED47 /* Build configuration list for PBXNativeTarget "LessonTextUITests" */;
			buildPhases = (
				45BB11C31D22D90600D4ED47 /* Sources */,
				45BB11C41D22D90600D4ED47 /* Frameworks */,
				45BB11C51D22D90600D4ED47 /* Resources */,
			);
			buildRules = (
			);
			dependencies = (
				45BB11C91D22D90600D4ED47 /* PBXTargetDependency */,
			);
			name = LessonTextUITests;
			productName = LessonTextUITests;
			productReference = 45BB11C71D22D90600D4ED47 /* LessonTextUITests.xctest */;
			productType = "com.apple.product-type.bundle.ui-testing";
		};
/* End PBXNativeTarget section */

/* Begin PBXProject section */
		45BB11A01D22D90500D4ED47 /* Project object */ = {
			isa = PBXProject;
			attributes = {
				LastSwiftUpdateCheck = 0730;
				LastUpgradeCheck = 0730;
				ORGANIZATIONNAME = Spalah;
				TargetAttributes = {
					45BB11A71D22D90500D4ED47 = {
						CreatedOnToolsVersion = 7.3.1;
					};
					45BB11BB1D22D90600D4ED47 = {
						CreatedOnToolsVersion = 7.3.1;
						TestTargetID = 45BB11A71D22D90500D4ED47;
					};
					45BB11C61D22D90600D4ED47 = {
						CreatedOnToolsVersion = 7.3.1;
						TestTargetID = 45BB11A71D22D90500D4ED47;
					};
				};
			};
			buildConfigurationList = 45BB11A31D22D90500D4ED47 /* Build configuration list for PBXProject "LessonText" */;
			compatibilityVersion = "Xcode 3.2";
			developmentRegion = English;
			hasScannedForEncodings = 0;
			knownRegions = (
				en,
				Base,
			);
			mainGroup = 45BB119F1D22D90500D4ED47;
			productRefGroup = 45BB11A91D22D90500D4ED47 /* Products */;
			projectDirPath = "";
			projectRoot = "";
			targets = (
				45BB11A71D22D90500D4ED47 /* LessonText */,
				45BB11BB1D22D90600D4ED47 /* LessonTextTests */,
				45BB11C61D22D90600D4ED47 /* LessonTextUITests */,
			);
		};
/* End PBXProject section */

/* Begin PBXResourcesBuildPhase section */
		45BB11A61D22D90500D4ED47 /* Resources */ = {
			isa = PBXResourcesBuildPhase;
			buildActionMask = 2147483647;
			files = (
				45BB11B61D22D90600D4ED47 /* LaunchScreen.storyboard in Resources */,
				45BB11B31D22D90600D4ED47 /* Assets.xcassets in Resources */,
				45BB11B11D22D90600D4ED47 /* Main.storyboard in Resources */,
			);
			runOnlyForDeploymentPostprocessing = 0;
		};
		45BB11BA1D22D90600D4ED47 /* Resources */ = {
			isa = PBXResourcesBuildPhase;
			buildActionMask = 2147483647;
			files = (
			);
			runOnlyForDeploymentPostprocessing = 0;
		};
		45BB11C51D22D90600D4ED47 /* Resources */ = {
			isa = PBXResourcesBuildPhase;
			buildActionMask = 2147483647;
			files = (
			);
			runOnlyForDeploymentPostprocessing = 0;
		};
/* End PBXResourcesBuildPhase section */

/* Begin PBXSourcesBuildPhase section */
		45BB11A41D22D90500D4ED47 /* Sources */ = {
			isa = PBXSourcesBuildPhase;
			buildActionMask = 2147483647;
			files = (
				45BB11AE1D22D90600D4ED47 /* ViewController.swift in Sources */,
				45BB11AC1D22D90600D4ED47 /* AppDelegate.swift in Sources */,
			);
			runOnlyForDeploymentPostprocessing = 0;
		};
		45BB11B81D22D90600D4ED47 /* Sources */ = {
			isa = PBXSourcesBuildPhase;
			buildActionMask = 2147483647;
			files = (
				45BB11C11D22D90600D4ED47 /* LessonTextTests.swift in Sources */,
			);
			runOnlyForDeploymentPostprocessing = 0;
		};
		45BB11C31D22D90600D4ED47 /* Sources */ = {
			isa = PBXSourcesBuildPhase;
			buildActionMask = 2147483647;
			files = (
				45BB11CC1D22D90600D4ED47 /* LessonTextUITests.swift in Sources */,
			);
			runOnlyForDeploymentPostprocessing = 0;
		};
/* End PBXSourcesBuildPhase section */

/* Begin PBXTargetDependency section */
		45BB11BE1D22D90600D4ED47 /* PBXTargetDependency */ = {
			isa = PBXTargetDependency;
			target = 45BB11A71D22D90500D4ED47 /* LessonText */;
			targetProxy = 45BB11BD1D22D90600D4ED47 /* PBXContainerItemProxy */;
		};
		45BB11C91D22D90600D4ED47 /* PBXTargetDependency */ = {
			isa = PBXTargetDependency;
			target = 45BB11A71D22D90500D4ED47 /* LessonText */;
			targetProxy = 45BB11C81D22D90600D4ED47 /* PBXContainerItemProxy */;
		};
/* End PBXTargetDependency section */

/* Begin PBXVariantGroup section */
		45BB11AF1D22D90600D4ED47 /* Main.storyboard */ = {
			isa = PBXVariantGroup;
			children = (
				45BB11B01D22D90600D4ED47 /* Base */,
			);
			name = Main.storyboard;
			sourceTree = "<group>";
		};
		45BB11B41D22D90600D4ED47 /* LaunchScreen.storyboard */ = {
			isa = PBXVariantGroup;
			children = (
				45BB11B51D22D90600D4ED47 /* Base */,
			);
			name = LaunchScreen.storyboard;
			sourceTree = "<group>";
		};
/* End PBXVariantGroup section */

/* Begin XCBuildConfiguration section */
		45BB11CE1D22D90600D4ED47 /* Debug */ = {
			isa = XCBuildConfiguration;
			buildSettings = {
				ALWAYS_SEARCH_USER_PATHS = NO;
				CLANG_ANALYZER_NONNULL = YES;
				CLANG_CXX_LANGUAGE_STANDARD = "gnu++0x";
				CLANG_CXX_LIBRARY = "libc++";
				CLANG_ENABLE_MODULES = YES;
				CLANG_ENABLE_OBJC_ARC = YES;
				CLANG_WARN_BOOL_CONVERSION = YES;
				CLANG_WARN_CONSTANT_CONVERSION = YES;
				CLANG_WARN_DIRECT_OBJC_ISA_USAGE = YES_ERROR;
				CLANG_WARN_EMPTY_BODY = YES;
				CLANG_WARN_ENUM_CONVERSION = YES;
				CLANG_WARN_INT_CONVERSION = YES;
				CLANG_WARN_OBJC_ROOT_CLASS = YES_ERROR;
				CLANG_WARN_UNREACHABLE_CODE = YES;
				CLANG_WARN__DUPLICATE_METHOD_MATCH = YES;
				"CODE_SIGN_IDENTITY[sdk=iphoneos*]" = "iPhone Developer";
				COPY_PHASE_STRIP = NO;
				DEBUG_INFORMATION_FORMAT = dwarf;
				ENABLE_STRICT_OBJC_MSGSEND = YES;
				ENABLE_TESTABILITY = YES;
				GCC_C_LANGUAGE_STANDARD = gnu99;
				GCC_DYNAMIC_NO_PIC = NO;
				GCC_NO_COMMON_BLOCKS = YES;
				GCC_OPTIMIZATION_LEVEL = 0;
				GCC_PREPROCESSOR_DEFINITIONS = (
					"DEBUG=1",
					"$(inherited)",
				);
				GCC_WARN_64_TO_32_BIT_CONVERSION = YES;
				GCC_WARN_ABOUT_RETURN_TYPE = YES_ERROR;
				GCC_WARN_UNDECLARED_SELECTOR = YES;
				GCC_WARN_UNINITIALIZED_AUTOS = YES_AGGRESSIVE;
				GCC_WARN_UNUSED_FUNCTION = YES;
				GCC_WARN_UNUSED_VARIABLE = YES;
				IPHONEOS_DEPLOYMENT_TARGET = 9.3;
				MTL_ENABLE_DEBUG_INFO = YES;
				ONLY_ACTIVE_ARCH = YES;
				SDKROOT = iphoneos;
				SWIFT_OPTIMIZATION_LEVEL = "-Onone";
				TARGETED_DEVICE_FAMILY = "1,2";
			};
			name = Debug;
		};
		45BB11CF1D22D90600D4ED47 /* Release */ = {
			isa = XCBuildConfiguration;
			buildSettings = {
				ALWAYS_SEARCH_USER_PATHS = NO;
				CLANG_ANALYZER_NONNULL = YES;
				CLANG_CXX_LANGUAGE_STANDARD = "gnu++0x";
				CLANG_CXX_LIBRARY = "libc++";
				CLANG_ENABLE_MODULES = YES;
				CLANG_ENABLE_OBJC_ARC = YES;
				CLANG_WARN_BOOL_CONVERSION = YES;
				CLANG_WARN_CONSTANT_CONVERSION = YES;
				CLANG_WARN_DIRECT_OBJC_ISA_USAGE = YES_ERROR;
				CLANG_WARN_EMPTY_BODY = YES;
				CLANG_WARN_ENUM_CONVERSION = YES;
				CLANG_WARN_INT_CONVERSION = YES;
				CLANG_WARN_OBJC_ROOT_CLASS = YES_ERROR;
				CLANG_WARN_UNREACHABLE_CODE = YES;
				CLANG_WARN__DUPLICATE_METHOD_MATCH = YES;
				"CODE_SIGN_IDENTITY[sdk=iphoneos*]" = "iPhone Developer";
				COPY_PHASE_STRIP = NO;
				DEBUG_INFORMATION_FORMAT = "dwarf-with-dsym";
				ENABLE_NS_ASSERTIONS = NO;
				ENABLE_STRICT_OBJC_MSGSEND = YES;
				GCC_C_LANGUAGE_STANDARD = gnu99;
				GCC_NO_COMMON_BLOCKS = YES;
				GCC_WARN_64_TO_32_BIT_CONVERSION = YES;
				GCC_WARN_ABOUT_RETURN_TYPE = YES_ERROR;
				GCC_WARN_UNDECLARED_SELECTOR = YES;
				GCC_WARN_UNINITIALIZED_AUTOS = YES_AGGRESSIVE;
				GCC_WARN_UNUSED_FUNCTION = YES;
				GCC_WARN_UNUSED_VARIABLE = YES;
				IPHONEOS_DEPLOYMENT_TARGET = 9.3;
				MTL_ENABLE_DEBUG_INFO = NO;
				SDKROOT = iphoneos;
				TARGETED_DEVICE_FAMILY = "1,2";
				VALIDATE_PRODUCT = YES;
			};
			name = Release;
		};
		45BB11D11D22D90600D4ED47 /* Debug */ = {
			isa = XCBuildConfiguration;
			buildSettings = {
				ASSETCATALOG_COMPILER_APPICON_NAME = AppIcon;
				INFOPLIST_FILE = LessonText/Info.plist;
				LD_RUNPATH_SEARCH_PATHS = "$(inherited) @executable_path/Frameworks";
				PRODUCT_BUNDLE_IDENTIFIER = lesson.LessonText;
				PRODUCT_NAME = "$(TARGET_NAME)";
			};
			name = Debug;
		};
		45BB11D21D22D90600D4ED47 /* Release */ = {
			isa = XCBuildConfiguration;
			buildSettings = {
				ASSETCATALOG_COMPILER_APPICON_NAME = AppIcon;
				INFOPLIST_FILE = LessonText/Info.plist;
				LD_RUNPATH_SEARCH_PATHS = "$(inherited) @executable_path/Frameworks";
				PRODUCT_BUNDLE_IDENTIFIER = lesson.LessonText;
				PRODUCT_NAME = "$(TARGET_NAME)";
			};
			name = Release;
		};
		45BB11D41D22D90600D4ED47 /* Debug */ = {
			isa = XCBuildConfiguration;
			buildSettings = {
				BUNDLE_LOADER = "$(TEST_HOST)";
				INFOPLIST_FILE = LessonTextTests/Info.plist;
				LD_RUNPATH_SEARCH_PATHS = "$(inherited) @executable_path/Frameworks @loader_path/Frameworks";
				PRODUCT_BUNDLE_IDENTIFIER = lesson.LessonTextTests;
				PRODUCT_NAME = "$(TARGET_NAME)";
				TEST_HOST = "$(BUILT_PRODUCTS_DIR)/LessonText.app/LessonText";
			};
			name = Debug;
		};
		45BB11D51D22D90600D4ED47 /* Release */ = {
			isa = XCBuildConfiguration;
			buildSettings = {
				BUNDLE_LOADER = "$(TEST_HOST)";
				INFOPLIST_FILE = LessonTextTests/Info.plist;
				LD_RUNPATH_SEARCH_PATHS = "$(inherited) @executable_path/Frameworks @loader_path/Frameworks";
				PRODUCT_BUNDLE_IDENTIFIER = lesson.LessonTextTests;
				PRODUCT_NAME = "$(TARGET_NAME)";
				TEST_HOST = "$(BUILT_PRODUCTS_DIR)/LessonText.app/LessonText";
			};
			name = Release;
		};
		45BB11D71D22D90600D4ED47 /* Debug */ = {
			isa = XCBuildConfiguration;
			buildSettings = {
				INFOPLIST_FILE = LessonTextUITests/Info.plist;
				LD_RUNPATH_SEARCH_PATHS = "$(inherited) @executable_path/Frameworks @loader_path/Frameworks";
				PRODUCT_BUNDLE_IDENTIFIER = lesson.LessonTextUITests;
				PRODUCT_NAME = "$(TARGET_NAME)";
				TEST_TARGET_NAME = LessonText;
			};
			name = Debug;
		};
		45BB11D81D22D90600D4ED47 /* Release */ = {
			isa = XCBuildConfiguration;
			buildSettings = {
				INFOPLIST_FILE = LessonTextUITests/Info.plist;
				LD_RUNPATH_SEARCH_PATHS = "$(inherited) @executable_path/Frameworks @loader_path/Frameworks";
				PRODUCT_BUNDLE_IDENTIFIER = lesson.LessonTextUITests;
				PRODUCT_NAME = "$(TARGET_NAME)";
				TEST_TARGET_NAME = LessonText;
			};
			name = Release;
		};
/* End XCBuildConfiguration section */

/* Begin XCConfigurationList section */
		45BB11A31D22D90500D4ED47 /* Build configuration list for PBXProject "LessonText" */ = {
			isa = XCConfigurationList;
			buildConfigurations = (
				45BB11CE1D22D90600D4ED47 /* Debug */,
				45BB11CF1D22D90600D4ED47 /* Release */,
			);
			defaultConfigurationIsVisible = 0;
			defaultConfigurationName = Release;
		};
		45BB11D01D22D90600D4ED47 /* Build configuration list for PBXNativeTarget "LessonText" */ = {
			isa = XCConfigurationList;
			buildConfigurations = (
				45BB11D11D22D90600D4ED47 /* Debug */,
				45BB11D21D22D90600D4ED47 /* Release */,
			);
			defaultConfigurationIsVisible = 0;
		};
		45BB11D31D22D90600D4ED47 /* Build configuration list for PBXNativeTarget "LessonTextTests" */ = {
			isa = XCConfigurationList;
			buildConfigurations = (
				45BB11D41D22D90600D4ED47 /* Debug */,
				45BB11D51D22D90600D4ED47 /* Release */,
			);
			defaultConfigurationIsVisible = 0;
		};
		45BB11D61D22D90600D4ED47 /* Build configuration list for PBXNativeTarget "LessonTextUITests" */ = {
			isa = XCConfigurationList;
			buildConfigurations = (
				45BB11D71D22D90600D4ED47 /* Debug */,
				45BB11D81D22D90600D4ED47 /* Release */,
			);
			defaultConfigurationIsVisible = 0;
		};
/* End XCConfigurationList section */
	};
	rootObject = 45BB11A01D22D90500D4ED47 /* Project object */;
}
