// !$*UTF8*$!
{
	archiveVersion = 1;
	classes = {
	};
	objectVersion = 46;
	objects = {

/* Begin PBXBuildFile section */
		1BB055AC5F00041A20729296 /* Pods_FirstGetRequestTests.framework in Frameworks */ = {isa = PBXBuildFile; fileRef = C05DE71EB1F57A5823F99CB9 /* Pods_FirstGetRequestTests.framework */; };
		3BB39A9AFEA91994B29BF7AB /* Pods_FirstGetRequestUITests.framework in Frameworks */ = {isa = PBXBuildFile; fileRef = B1CAE5748C0976AEA7ABDD95 /* Pods_FirstGetRequestUITests.framework */; };
		ABD90B7789DF4B177C51537F /* Pods_FirstGetRequest.framework in Frameworks */ = {isa = PBXBuildFile; fileRef = B566B5F24B95F18057910AD5 /* Pods_FirstGetRequest.framework */; };
		C4FC66731D427D1300E63DE2 /* AppDelegate.swift in Sources */ = {isa = PBXBuildFile; fileRef = C4FC66721D427D1300E63DE2 /* AppDelegate.swift */; };
		C4FC66781D427D1300E63DE2 /* Main.storyboard in Resources */ = {isa = PBXBuildFile; fileRef = C4FC66761D427D1300E63DE2 /* Main.storyboard */; };
		C4FC667A1D427D1300E63DE2 /* Assets.xcassets in Resources */ = {isa = PBXBuildFile; fileRef = C4FC66791D427D1300E63DE2 /* Assets.xcassets */; };
		C4FC667D1D427D1300E63DE2 /* LaunchScreen.storyboard in Resources */ = {isa = PBXBuildFile; fileRef = C4FC667B1D427D1300E63DE2 /* LaunchScreen.storyboard */; };
		C4FC66881D427D1300E63DE2 /* FirstGetRequestTests.swift in Sources */ = {isa = PBXBuildFile; fileRef = C4FC66871D427D1300E63DE2 /* FirstGetRequestTests.swift */; };
		C4FC66931D427D1300E63DE2 /* FirstGetRequestUITests.swift in Sources */ = {isa = PBXBuildFile; fileRef = C4FC66921D427D1300E63DE2 /* FirstGetRequestUITests.swift */; };
		C4FC66A31D427F1B00E63DE2 /* ViewController.swift in Sources */ = {isa = PBXBuildFile; fileRef = C4FC66A11D427F1B00E63DE2 /* ViewController.swift */; };
		C4FC66A51D427F4000E63DE2 /* NetworkManager.swift in Sources */ = {isa = PBXBuildFile; fileRef = C4FC66A41D427F4000E63DE2 /* NetworkManager.swift */; };
		C4FC66A91D427F8F00E63DE2 /* Constants.swift in Sources */ = {isa = PBXBuildFile; fileRef = C4FC66A81D427F8F00E63DE2 /* Constants.swift */; };
		C4FC66AB1D42803C00E63DE2 /* User.swift in Sources */ = {isa = PBXBuildFile; fileRef = C4FC66AA1D42803C00E63DE2 /* User.swift */; };
/* End PBXBuildFile section */

/* Begin PBXContainerItemProxy section */
		C4FC66841D427D1300E63DE2 /* PBXContainerItemProxy */ = {
			isa = PBXContainerItemProxy;
			containerPortal = C4FC66671D427D1200E63DE2 /* Project object */;
			proxyType = 1;
			remoteGlobalIDString = C4FC666E1D427D1200E63DE2;
			remoteInfo = FirstGetRequest;
		};
		C4FC668F1D427D1300E63DE2 /* PBXContainerItemProxy */ = {
			isa = PBXContainerItemProxy;
			containerPortal = C4FC66671D427D1200E63DE2 /* Project object */;
			proxyType = 1;
			remoteGlobalIDString = C4FC666E1D427D1200E63DE2;
			remoteInfo = FirstGetRequest;
		};
/* End PBXContainerItemProxy section */

/* Begin PBXFileReference section */
		0FCCDFAF79D0013EEB192809 /* Pods-FirstGetRequestTests.debug.xcconfig */ = {isa = PBXFileReference; includeInIndex = 1; lastKnownFileType = text.xcconfig; name = "Pods-FirstGetRequestTests.debug.xcconfig"; path = "Pods/Target Support Files/Pods-FirstGetRequestTests/Pods-FirstGetRequestTests.debug.xcconfig"; sourceTree = "<group>"; };
		16C8DCAD84FBEDAC2E76B6A7 /* Pods-FirstGetRequest.release.xcconfig */ = {isa = PBXFileReference; includeInIndex = 1; lastKnownFileType = text.xcconfig; name = "Pods-FirstGetRequest.release.xcconfig"; path = "Pods/Target Support Files/Pods-FirstGetRequest/Pods-FirstGetRequest.release.xcconfig"; sourceTree = "<group>"; };
		57D94A150AE489FB1134A028 /* Pods-FirstGetRequestUITests.release.xcconfig */ = {isa = PBXFileReference; includeInIndex = 1; lastKnownFileType = text.xcconfig; name = "Pods-FirstGetRequestUITests.release.xcconfig"; path = "Pods/Target Support Files/Pods-FirstGetRequestUITests/Pods-FirstGetRequestUITests.release.xcconfig"; sourceTree = "<group>"; };
		861B93C2CBE3D9130D945A5A /* Pods-FirstGetRequestTests.release.xcconfig */ = {isa = PBXFileReference; includeInIndex = 1; lastKnownFileType = text.xcconfig; name = "Pods-FirstGetRequestTests.release.xcconfig"; path = "Pods/Target Support Files/Pods-FirstGetRequestTests/Pods-FirstGetRequestTests.release.xcconfig"; sourceTree = "<group>"; };
		8C20C97F01FF61E55927DA67 /* Pods-FirstGetRequest.debug.xcconfig */ = {isa = PBXFileReference; includeInIndex = 1; lastKnownFileType = text.xcconfig; name = "Pods-FirstGetRequest.debug.xcconfig"; path = "Pods/Target Support Files/Pods-FirstGetRequest/Pods-FirstGetRequest.debug.xcconfig"; sourceTree = "<group>"; };
		B1CAE5748C0976AEA7ABDD95 /* Pods_FirstGetRequestUITests.framework */ = {isa = PBXFileReference; explicitFileType = wrapper.framework; includeInIndex = 0; path = Pods_FirstGetRequestUITests.framework; sourceTree = BUILT_PRODUCTS_DIR; };
		B566B5F24B95F18057910AD5 /* Pods_FirstGetRequest.framework */ = {isa = PBXFileReference; explicitFileType = wrapper.framework; includeInIndex = 0; path = Pods_FirstGetRequest.framework; sourceTree = BUILT_PRODUCTS_DIR; };
		C05DE71EB1F57A5823F99CB9 /* Pods_FirstGetRequestTests.framework */ = {isa = PBXFileReference; explicitFileType = wrapper.framework; includeInIndex = 0; path = Pods_FirstGetRequestTests.framework; sourceTree = BUILT_PRODUCTS_DIR; };
		C4FC666F1D427D1200E63DE2 /* FirstGetRequest.app */ = {isa = PBXFileReference; explicitFileType = wrapper.application; includeInIndex = 0; path = FirstGetRequest.app; sourceTree = BUILT_PRODUCTS_DIR; };
		C4FC66721D427D1300E63DE2 /* AppDelegate.swift */ = {isa = PBXFileReference; lastKnownFileType = sourcecode.swift; path = AppDelegate.swift; sourceTree = "<group>"; };
		C4FC66771D427D1300E63DE2 /* Base */ = {isa = PBXFileReference; lastKnownFileType = file.storyboard; name = Base; path = Base.lproj/Main.storyboard; sourceTree = "<group>"; };
		C4FC66791D427D1300E63DE2 /* Assets.xcassets */ = {isa = PBXFileReference; lastKnownFileType = folder.assetcatalog; path = Assets.xcassets; sourceTree = "<group>"; };
		C4FC667C1D427D1300E63DE2 /* Base */ = {isa = PBXFileReference; lastKnownFileType = file.storyboard; name = Base; path = Base.lproj/LaunchScreen.storyboard; sourceTree = "<group>"; };
		C4FC667E1D427D1300E63DE2 /* Info.plist */ = {isa = PBXFileReference; lastKnownFileType = text.plist.xml; path = Info.plist; sourceTree = "<group>"; };
		C4FC66831D427D1300E63DE2 /* FirstGetRequestTests.xctest */ = {isa = PBXFileReference; explicitFileType = wrapper.cfbundle; includeInIndex = 0; path = FirstGetRequestTests.xctest; sourceTree = BUILT_PRODUCTS_DIR; };
		C4FC66871D427D1300E63DE2 /* FirstGetRequestTests.swift */ = {isa = PBXFileReference; lastKnownFileType = sourcecode.swift; path = FirstGetRequestTests.swift; sourceTree = "<group>"; };
		C4FC66891D427D1300E63DE2 /* Info.plist */ = {isa = PBXFileReference; lastKnownFileType = text.plist.xml; path = Info.plist; sourceTree = "<group>"; };
		C4FC668E1D427D1300E63DE2 /* FirstGetRequestUITests.xctest */ = {isa = PBXFileReference; explicitFileType = wrapper.cfbundle; includeInIndex = 0; path = FirstGetRequestUITests.xctest; sourceTree = BUILT_PRODUCTS_DIR; };
		C4FC66921D427D1300E63DE2 /* FirstGetRequestUITests.swift */ = {isa = PBXFileReference; lastKnownFileType = sourcecode.swift; path = FirstGetRequestUITests.swift; sourceTree = "<group>"; };
		C4FC66941D427D1300E63DE2 /* Info.plist */ = {isa = PBXFileReference; lastKnownFileType = text.plist.xml; path = Info.plist; sourceTree = "<group>"; };
		C4FC66A11D427F1B00E63DE2 /* ViewController.swift */ = {isa = PBXFileReference; fileEncoding = 4; lastKnownFileType = sourcecode.swift; path = ViewController.swift; sourceTree = "<group>"; };
		C4FC66A41D427F4000E63DE2 /* NetworkManager.swift */ = {isa = PBXFileReference; fileEncoding = 4; lastKnownFileType = sourcecode.swift; path = NetworkManager.swift; sourceTree = "<group>"; };
		C4FC66A81D427F8F00E63DE2 /* Constants.swift */ = {isa = PBXFileReference; fileEncoding = 4; lastKnownFileType = sourcecode.swift; path = Constants.swift; sourceTree = "<group>"; };
		C4FC66AA1D42803C00E63DE2 /* User.swift */ = {isa = PBXFileReference; fileEncoding = 4; lastKnownFileType = sourcecode.swift; path = User.swift; sourceTree = "<group>"; };
		D0E0D126754D3EE3118716CD /* Pods-FirstGetRequestUITests.debug.xcconfig */ = {isa = PBXFileReference; includeInIndex = 1; lastKnownFileType = text.xcconfig; name = "Pods-FirstGetRequestUITests.debug.xcconfig"; path = "Pods/Target Support Files/Pods-FirstGetRequestUITests/Pods-FirstGetRequestUITests.debug.xcconfig"; sourceTree = "<group>"; };
/* End PBXFileReference section */

/* Begin PBXFrameworksBuildPhase section */
		C4FC666C1D427D1200E63DE2 /* Frameworks */ = {
			isa = PBXFrameworksBuildPhase;
			buildActionMask = 2147483647;
			files = (
				ABD90B7789DF4B177C51537F /* Pods_FirstGetRequest.framework in Frameworks */,
			);
			runOnlyForDeploymentPostprocessing = 0;
		};
		C4FC66801D427D1300E63DE2 /* Frameworks */ = {
			isa = PBXFrameworksBuildPhase;
			buildActionMask = 2147483647;
			files = (
				1BB055AC5F00041A20729296 /* Pods_FirstGetRequestTests.framework in Frameworks */,
			);
			runOnlyForDeploymentPostprocessing = 0;
		};
		C4FC668B1D427D1300E63DE2 /* Frameworks */ = {
			isa = PBXFrameworksBuildPhase;
			buildActionMask = 2147483647;
			files = (
				3BB39A9AFEA91994B29BF7AB /* Pods_FirstGetRequestUITests.framework in Frameworks */,
			);
			runOnlyForDeploymentPostprocessing = 0;
		};
/* End PBXFrameworksBuildPhase section */

/* Begin PBXGroup section */
		57F428475426154D8B427A82 /* Frameworks */ = {
			isa = PBXGroup;
			children = (
				B566B5F24B95F18057910AD5 /* Pods_FirstGetRequest.framework */,
				C05DE71EB1F57A5823F99CB9 /* Pods_FirstGetRequestTests.framework */,
				B1CAE5748C0976AEA7ABDD95 /* Pods_FirstGetRequestUITests.framework */,
			);
			name = Frameworks;
			sourceTree = "<group>";
		};
		C4FC66661D427D1200E63DE2 = {
			isa = PBXGroup;
			children = (
				C4FC66711D427D1300E63DE2 /* FirstGetRequest */,
				C4FC66861D427D1300E63DE2 /* FirstGetRequestTests */,
				C4FC66911D427D1300E63DE2 /* FirstGetRequestUITests */,
				C4FC66701D427D1200E63DE2 /* Products */,
				F8EC471CF5570AE2C5CCB462 /* Pods */,
				57F428475426154D8B427A82 /* Frameworks */,
			);
			sourceTree = "<group>";
		};
		C4FC66701D427D1200E63DE2 /* Products */ = {
			isa = PBXGroup;
			children = (
				C4FC666F1D427D1200E63DE2 /* FirstGetRequest.app */,
				C4FC66831D427D1300E63DE2 /* FirstGetRequestTests.xctest */,
				C4FC668E1D427D1300E63DE2 /* FirstGetRequestUITests.xctest */,
			);
			name = Products;
			sourceTree = "<group>";
		};
		C4FC66711D427D1300E63DE2 /* FirstGetRequest */ = {
			isa = PBXGroup;
			children = (
				C4FC66A61D427F8300E63DE2 /* Models */,
				C4FC66A71D427F8300E63DE2 /* Resources */,
				C4FC66A01D427F1B00E63DE2 /* Controllers */,
				C4FC66A21D427F1B00E63DE2 /* Network */,
				C4FC66721D427D1300E63DE2 /* AppDelegate.swift */,
				C4FC66761D427D1300E63DE2 /* Main.storyboard */,
				C4FC66791D427D1300E63DE2 /* Assets.xcassets */,
				C4FC667B1D427D1300E63DE2 /* LaunchScreen.storyboard */,
				C4FC667E1D427D1300E63DE2 /* Info.plist */,
			);
			path = FirstGetRequest;
			sourceTree = "<group>";
		};
		C4FC66861D427D1300E63DE2 /* FirstGetRequestTests */ = {
			isa = PBXGroup;
			children = (
				C4FC66871D427D1300E63DE2 /* FirstGetRequestTests.swift */,
				C4FC66891D427D1300E63DE2 /* Info.plist */,
			);
			path = FirstGetRequestTests;
			sourceTree = "<group>";
		};
		C4FC66911D427D1300E63DE2 /* FirstGetRequestUITests */ = {
			isa = PBXGroup;
			children = (
				C4FC66921D427D1300E63DE2 /* FirstGetRequestUITests.swift */,
				C4FC66941D427D1300E63DE2 /* Info.plist */,
			);
			path = FirstGetRequestUITests;
			sourceTree = "<group>";
		};
		C4FC66A01D427F1B00E63DE2 /* Controllers */ = {
			isa = PBXGroup;
			children = (
				C4FC66A11D427F1B00E63DE2 /* ViewController.swift */,
			);
			path = Controllers;
			sourceTree = "<group>";
		};
		C4FC66A21D427F1B00E63DE2 /* Network */ = {
			isa = PBXGroup;
			children = (
				C4FC66A41D427F4000E63DE2 /* NetworkManager.swift */,
			);
			path = Network;
			sourceTree = "<group>";
		};
		C4FC66A61D427F8300E63DE2 /* Models */ = {
			isa = PBXGroup;
			children = (
				C4FC66AA1D42803C00E63DE2 /* User.swift */,
			);
			path = Models;
			sourceTree = "<group>";
		};
		C4FC66A71D427F8300E63DE2 /* Resources */ = {
			isa = PBXGroup;
			children = (
				C4FC66A81D427F8F00E63DE2 /* Constants.swift */,
			);
			path = Resources;
			sourceTree = "<group>";
		};
		F8EC471CF5570AE2C5CCB462 /* Pods */ = {
			isa = PBXGroup;
			children = (
				8C20C97F01FF61E55927DA67 /* Pods-FirstGetRequest.debug.xcconfig */,
				16C8DCAD84FBEDAC2E76B6A7 /* Pods-FirstGetRequest.release.xcconfig */,
				0FCCDFAF79D0013EEB192809 /* Pods-FirstGetRequestTests.debug.xcconfig */,
				861B93C2CBE3D9130D945A5A /* Pods-FirstGetRequestTests.release.xcconfig */,
				D0E0D126754D3EE3118716CD /* Pods-FirstGetRequestUITests.debug.xcconfig */,
				57D94A150AE489FB1134A028 /* Pods-FirstGetRequestUITests.release.xcconfig */,
			);
			name = Pods;
			sourceTree = "<group>";
		};
/* End PBXGroup section */

/* Begin PBXNativeTarget section */
		C4FC666E1D427D1200E63DE2 /* FirstGetRequest */ = {
			isa = PBXNativeTarget;
			buildConfigurationList = C4FC66971D427D1300E63DE2 /* Build configuration list for PBXNativeTarget "FirstGetRequest" */;
			buildPhases = (
				D1D1D140FA6725191763274B /* [CP] Check Pods Manifest.lock */,
				C4FC666B1D427D1200E63DE2 /* Sources */,
				C4FC666C1D427D1200E63DE2 /* Frameworks */,
				C4FC666D1D427D1200E63DE2 /* Resources */,
				EB9F5DE889DA4EA92E887659 /* [CP] Embed Pods Frameworks */,
				E2C31F49976CF99889B45FF4 /* [CP] Copy Pods Resources */,
			);
			buildRules = (
			);
			dependencies = (
			);
			name = FirstGetRequest;
			productName = FirstGetRequest;
			productReference = C4FC666F1D427D1200E63DE2 /* FirstGetRequest.app */;
			productType = "com.apple.product-type.application";
		};
		C4FC66821D427D1300E63DE2 /* FirstGetRequestTests */ = {
			isa = PBXNativeTarget;
			buildConfigurationList = C4FC669A1D427D1300E63DE2 /* Build configuration list for PBXNativeTarget "FirstGetRequestTests" */;
			buildPhases = (
				3F8412B1B0020E6FD97A40E5 /* [CP] Check Pods Manifest.lock */,
				C4FC667F1D427D1300E63DE2 /* Sources */,
				C4FC66801D427D1300E63DE2 /* Frameworks */,
				C4FC66811D427D1300E63DE2 /* Resources */,
				49A21B9E94DA297CA092D93C /* [CP] Embed Pods Frameworks */,
				1BB47B865A08D41AC2EE38B0 /* [CP] Copy Pods Resources */,
			);
			buildRules = (
			);
			dependencies = (
				C4FC66851D427D1300E63DE2 /* PBXTargetDependency */,
			);
			name = FirstGetRequestTests;
			productName = FirstGetRequestTests;
			productReference = C4FC66831D427D1300E63DE2 /* FirstGetRequestTests.xctest */;
			productType = "com.apple.product-type.bundle.unit-test";
		};
		C4FC668D1D427D1300E63DE2 /* FirstGetRequestUITests */ = {
			isa = PBXNativeTarget;
			buildConfigurationList = C4FC669D1D427D1300E63DE2 /* Build configuration list for PBXNativeTarget "FirstGetRequestUITests" */;
			buildPhases = (
				FD50A18E7B8526F0B4B5F63B /* [CP] Check Pods Manifest.lock */,
				C4FC668A1D427D1300E63DE2 /* Sources */,
				C4FC668B1D427D1300E63DE2 /* Frameworks */,
				C4FC668C1D427D1300E63DE2 /* Resources */,
				D437E080855A529DB06D08C7 /* [CP] Copy Pods Resources */,
			);
			buildRules = (
			);
			dependencies = (
				C4FC66901D427D1300E63DE2 /* PBXTargetDependency */,
			);
			name = FirstGetRequestUITests;
			productName = FirstGetRequestUITests;
			productReference = C4FC668E1D427D1300E63DE2 /* FirstGetRequestUITests.xctest */;
			productType = "com.apple.product-type.bundle.ui-testing";
		};
/* End PBXNativeTarget section */

/* Begin PBXProject section */
		C4FC66671D427D1200E63DE2 /* Project object */ = {
			isa = PBXProject;
			attributes = {
				LastSwiftUpdateCheck = 0730;
				LastUpgradeCheck = 0730;
				ORGANIZATIONNAME = "Yevhen Herasymenko";
				TargetAttributes = {
					C4FC666E1D427D1200E63DE2 = {
						CreatedOnToolsVersion = 7.3.1;
						DevelopmentTeam = Z323B543DW;
					};
					C4FC66821D427D1300E63DE2 = {
						CreatedOnToolsVersion = 7.3.1;
						TestTargetID = C4FC666E1D427D1200E63DE2;
					};
					C4FC668D1D427D1300E63DE2 = {
						CreatedOnToolsVersion = 7.3.1;
						TestTargetID = C4FC666E1D427D1200E63DE2;
					};
				};
			};
			buildConfigurationList = C4FC666A1D427D1200E63DE2 /* Build configuration list for PBXProject "FirstGetRequest" */;
			compatibilityVersion = "Xcode 3.2";
			developmentRegion = English;
			hasScannedForEncodings = 0;
			knownRegions = (
				en,
				Base,
			);
			mainGroup = C4FC66661D427D1200E63DE2;
			productRefGroup = C4FC66701D427D1200E63DE2 /* Products */;
			projectDirPath = "";
			projectRoot = "";
			targets = (
				C4FC666E1D427D1200E63DE2 /* FirstGetRequest */,
				C4FC66821D427D1300E63DE2 /* FirstGetRequestTests */,
				C4FC668D1D427D1300E63DE2 /* FirstGetRequestUITests */,
			);
		};
/* End PBXProject section */

/* Begin PBXResourcesBuildPhase section */
		C4FC666D1D427D1200E63DE2 /* Resources */ = {
			isa = PBXResourcesBuildPhase;
			buildActionMask = 2147483647;
			files = (
				C4FC667D1D427D1300E63DE2 /* LaunchScreen.storyboard in Resources */,
				C4FC667A1D427D1300E63DE2 /* Assets.xcassets in Resources */,
				C4FC66781D427D1300E63DE2 /* Main.storyboard in Resources */,
			);
			runOnlyForDeploymentPostprocessing = 0;
		};
		C4FC66811D427D1300E63DE2 /* Resources */ = {
			isa = PBXResourcesBuildPhase;
			buildActionMask = 2147483647;
			files = (
			);
			runOnlyForDeploymentPostprocessing = 0;
		};
		C4FC668C1D427D1300E63DE2 /* Resources */ = {
			isa = PBXResourcesBuildPhase;
			buildActionMask = 2147483647;
			files = (
			);
			runOnlyForDeploymentPostprocessing = 0;
		};
/* End PBXResourcesBuildPhase section */

/* Begin PBXShellScriptBuildPhase section */
		1BB47B865A08D41AC2EE38B0 /* [CP] Copy Pods Resources */ = {
			isa = PBXShellScriptBuildPhase;
			buildActionMask = 2147483647;
			files = (
			);
			inputPaths = (
			);
			name = "[CP] Copy Pods Resources";
			outputPaths = (
			);
			runOnlyForDeploymentPostprocessing = 0;
			shellPath = /bin/sh;
			shellScript = "\"${SRCROOT}/Pods/Target Support Files/Pods-FirstGetRequestTests/Pods-FirstGetRequestTests-resources.sh\"\n";
			showEnvVarsInLog = 0;
		};
		3F8412B1B0020E6FD97A40E5 /* [CP] Check Pods Manifest.lock */ = {
			isa = PBXShellScriptBuildPhase;
			buildActionMask = 2147483647;
			files = (
			);
			inputPaths = (
			);
			name = "[CP] Check Pods Manifest.lock";
			outputPaths = (
			);
			runOnlyForDeploymentPostprocessing = 0;
			shellPath = /bin/sh;
			shellScript = "diff \"${PODS_ROOT}/../Podfile.lock\" \"${PODS_ROOT}/Manifest.lock\" > /dev/null\nif [[ $? != 0 ]] ; then\n    cat << EOM\nerror: The sandbox is not in sync with the Podfile.lock. Run 'pod install' or update your CocoaPods installation.\nEOM\n    exit 1\nfi\n";
			showEnvVarsInLog = 0;
		};
		49A21B9E94DA297CA092D93C /* [CP] Embed Pods Frameworks */ = {
			isa = PBXShellScriptBuildPhase;
			buildActionMask = 2147483647;
			files = (
			);
			inputPaths = (
			);
			name = "[CP] Embed Pods Frameworks";
			outputPaths = (
			);
			runOnlyForDeploymentPostprocessing = 0;
			shellPath = /bin/sh;
			shellScript = "\"${SRCROOT}/Pods/Target Support Files/Pods-FirstGetRequestTests/Pods-FirstGetRequestTests-frameworks.sh\"\n";
			showEnvVarsInLog = 0;
		};
		D1D1D140FA6725191763274B /* [CP] Check Pods Manifest.lock */ = {
			isa = PBXShellScriptBuildPhase;
			buildActionMask = 2147483647;
			files = (
			);
			inputPaths = (
			);
			name = "[CP] Check Pods Manifest.lock";
			outputPaths = (
			);
			runOnlyForDeploymentPostprocessing = 0;
			shellPath = /bin/sh;
			shellScript = "diff \"${PODS_ROOT}/../Podfile.lock\" \"${PODS_ROOT}/Manifest.lock\" > /dev/null\nif [[ $? != 0 ]] ; then\n    cat << EOM\nerror: The sandbox is not in sync with the Podfile.lock. Run 'pod install' or update your CocoaPods installation.\nEOM\n    exit 1\nfi\n";
			showEnvVarsInLog = 0;
		};
		D437E080855A529DB06D08C7 /* [CP] Copy Pods Resources */ = {
			isa = PBXShellScriptBuildPhase;
			buildActionMask = 2147483647;
			files = (
			);
			inputPaths = (
			);
			name = "[CP] Copy Pods Resources";
			outputPaths = (
			);
			runOnlyForDeploymentPostprocessing = 0;
			shellPath = /bin/sh;
			shellScript = "\"${SRCROOT}/Pods/Target Support Files/Pods-FirstGetRequestUITests/Pods-FirstGetRequestUITests-resources.sh\"\n";
			showEnvVarsInLog = 0;
		};
		E2C31F49976CF99889B45FF4 /* [CP] Copy Pods Resources */ = {
			isa = PBXShellScriptBuildPhase;
			buildActionMask = 2147483647;
			files = (
			);
			inputPaths = (
			);
			name = "[CP] Copy Pods Resources";
			outputPaths = (
			);
			runOnlyForDeploymentPostprocessing = 0;
			shellPath = /bin/sh;
			shellScript = "\"${SRCROOT}/Pods/Target Support Files/Pods-FirstGetRequest/Pods-FirstGetRequest-resources.sh\"\n";
			showEnvVarsInLog = 0;
		};
		EB9F5DE889DA4EA92E887659 /* [CP] Embed Pods Frameworks */ = {
			isa = PBXShellScriptBuildPhase;
			buildActionMask = 2147483647;
			files = (
			);
			inputPaths = (
			);
			name = "[CP] Embed Pods Frameworks";
			outputPaths = (
			);
			runOnlyForDeploymentPostprocessing = 0;
			shellPath = /bin/sh;
			shellScript = "\"${SRCROOT}/Pods/Target Support Files/Pods-FirstGetRequest/Pods-FirstGetRequest-frameworks.sh\"\n";
			showEnvVarsInLog = 0;
		};
		FD50A18E7B8526F0B4B5F63B /* [CP] Check Pods Manifest.lock */ = {
			isa = PBXShellScriptBuildPhase;
			buildActionMask = 2147483647;
			files = (
			);
			inputPaths = (
			);
			name = "[CP] Check Pods Manifest.lock";
			outputPaths = (
			);
			runOnlyForDeploymentPostprocessing = 0;
			shellPath = /bin/sh;
			shellScript = "diff \"${PODS_ROOT}/../Podfile.lock\" \"${PODS_ROOT}/Manifest.lock\" > /dev/null\nif [[ $? != 0 ]] ; then\n    cat << EOM\nerror: The sandbox is not in sync with the Podfile.lock. Run 'pod install' or update your CocoaPods installation.\nEOM\n    exit 1\nfi\n";
			showEnvVarsInLog = 0;
		};
/* End PBXShellScriptBuildPhase section */

/* Begin PBXSourcesBuildPhase section */
		C4FC666B1D427D1200E63DE2 /* Sources */ = {
			isa = PBXSourcesBuildPhase;
			buildActionMask = 2147483647;
			files = (
				C4FC66A51D427F4000E63DE2 /* NetworkManager.swift in Sources */,
				C4FC66A31D427F1B00E63DE2 /* ViewController.swift in Sources */,
				C4FC66731D427D1300E63DE2 /* AppDelegate.swift in Sources */,
				C4FC66AB1D42803C00E63DE2 /* User.swift in Sources */,
				C4FC66A91D427F8F00E63DE2 /* Constants.swift in Sources */,
			);
			runOnlyForDeploymentPostprocessing = 0;
		};
		C4FC667F1D427D1300E63DE2 /* Sources */ = {
			isa = PBXSourcesBuildPhase;
			buildActionMask = 2147483647;
			files = (
				C4FC66881D427D1300E63DE2 /* FirstGetRequestTests.swift in Sources */,
			);
			runOnlyForDeploymentPostprocessing = 0;
		};
		C4FC668A1D427D1300E63DE2 /* Sources */ = {
			isa = PBXSourcesBuildPhase;
			buildActionMask = 2147483647;
			files = (
				C4FC66931D427D1300E63DE2 /* FirstGetRequestUITests.swift in Sources */,
			);
			runOnlyForDeploymentPostprocessing = 0;
		};
/* End PBXSourcesBuildPhase section */

/* Begin PBXTargetDependency section */
		C4FC66851D427D1300E63DE2 /* PBXTargetDependency */ = {
			isa = PBXTargetDependency;
			target = C4FC666E1D427D1200E63DE2 /* FirstGetRequest */;
			targetProxy = C4FC66841D427D1300E63DE2 /* PBXContainerItemProxy */;
		};
		C4FC66901D427D1300E63DE2 /* PBXTargetDependency */ = {
			isa = PBXTargetDependency;
			target = C4FC666E1D427D1200E63DE2 /* FirstGetRequest */;
			targetProxy = C4FC668F1D427D1300E63DE2 /* PBXContainerItemProxy */;
		};
/* End PBXTargetDependency section */

/* Begin PBXVariantGroup section */
		C4FC66761D427D1300E63DE2 /* Main.storyboard */ = {
			isa = PBXVariantGroup;
			children = (
				C4FC66771D427D1300E63DE2 /* Base */,
			);
			name = Main.storyboard;
			sourceTree = "<group>";
		};
		C4FC667B1D427D1300E63DE2 /* LaunchScreen.storyboard */ = {
			isa = PBXVariantGroup;
			children = (
				C4FC667C1D427D1300E63DE2 /* Base */,
			);
			name = LaunchScreen.storyboard;
			sourceTree = "<group>";
		};
/* End PBXVariantGroup section */

/* Begin XCBuildConfiguration section */
		C4FC66951D427D1300E63DE2 /* Debug */ = {
			isa = XCBuildConfiguration;
			buildSettings = {
				ALWAYS_SEARCH_USER_PATHS = NO;
				CLANG_ANALYZER_NONNULL = YES;
				CLANG_CXX_LANGUAGE_STANDARD = "gnu++0x";
				CLANG_CXX_LIBRARY = "libc++";
				CLANG_ENABLE_MODULES = YES;
				CLANG_ENABLE_OBJC_ARC = YES;
				CLANG_WARN_BOOL_CONVERSION = YES;
				CLANG_WARN_CONSTANT_CONVERSION = YES;
				CLANG_WARN_DIRECT_OBJC_ISA_USAGE = YES_ERROR;
				CLANG_WARN_EMPTY_BODY = YES;
				CLANG_WARN_ENUM_CONVERSION = YES;
				CLANG_WARN_INT_CONVERSION = YES;
				CLANG_WARN_OBJC_ROOT_CLASS = YES_ERROR;
				CLANG_WARN_UNREACHABLE_CODE = YES;
				CLANG_WARN__DUPLICATE_METHOD_MATCH = YES;
				"CODE_SIGN_IDENTITY[sdk=iphoneos*]" = "iPhone Developer";
				COPY_PHASE_STRIP = NO;
				DEBUG_INFORMATION_FORMAT = dwarf;
				ENABLE_STRICT_OBJC_MSGSEND = YES;
				ENABLE_TESTABILITY = YES;
				GCC_C_LANGUAGE_STANDARD = gnu99;
				GCC_DYNAMIC_NO_PIC = NO;
				GCC_NO_COMMON_BLOCKS = YES;
				GCC_OPTIMIZATION_LEVEL = 0;
				GCC_PREPROCESSOR_DEFINITIONS = (
					"DEBUG=1",
					"$(inherited)",
				);
				GCC_WARN_64_TO_32_BIT_CONVERSION = YES;
				GCC_WARN_ABOUT_RETURN_TYPE = YES_ERROR;
				GCC_WARN_UNDECLARED_SELECTOR = YES;
				GCC_WARN_UNINITIALIZED_AUTOS = YES_AGGRESSIVE;
				GCC_WARN_UNUSED_FUNCTION = YES;
				GCC_WARN_UNUSED_VARIABLE = YES;
				IPHONEOS_DEPLOYMENT_TARGET = 9.3;
				MTL_ENABLE_DEBUG_INFO = YES;
				ONLY_ACTIVE_ARCH = YES;
				SDKROOT = iphoneos;
				SWIFT_OPTIMIZATION_LEVEL = "-Onone";
				TARGETED_DEVICE_FAMILY = "1,2";
			};
			name = Debug;
		};
		C4FC66961D427D1300E63DE2 /* Release */ = {
			isa = XCBuildConfiguration;
			buildSettings = {
				ALWAYS_SEARCH_USER_PATHS = NO;
				CLANG_ANALYZER_NONNULL = YES;
				CLANG_CXX_LANGUAGE_STANDARD = "gnu++0x";
				CLANG_CXX_LIBRARY = "libc++";
				CLANG_ENABLE_MODULES = YES;
				CLANG_ENABLE_OBJC_ARC = YES;
				CLANG_WARN_BOOL_CONVERSION = YES;
				CLANG_WARN_CONSTANT_CONVERSION = YES;
				CLANG_WARN_DIRECT_OBJC_ISA_USAGE = YES_ERROR;
				CLANG_WARN_EMPTY_BODY = YES;
				CLANG_WARN_ENUM_CONVERSION = YES;
				CLANG_WARN_INT_CONVERSION = YES;
				CLANG_WARN_OBJC_ROOT_CLASS = YES_ERROR;
				CLANG_WARN_UNREACHABLE_CODE = YES;
				CLANG_WARN__DUPLICATE_METHOD_MATCH = YES;
				"CODE_SIGN_IDENTITY[sdk=iphoneos*]" = "iPhone Developer";
				COPY_PHASE_STRIP = NO;
				DEBUG_INFORMATION_FORMAT = "dwarf-with-dsym";
				ENABLE_NS_ASSERTIONS = NO;
				ENABLE_STRICT_OBJC_MSGSEND = YES;
				GCC_C_LANGUAGE_STANDARD = gnu99;
				GCC_NO_COMMON_BLOCKS = YES;
				GCC_WARN_64_TO_32_BIT_CONVERSION = YES;
				GCC_WARN_ABOUT_RETURN_TYPE = YES_ERROR;
				GCC_WARN_UNDECLARED_SELECTOR = YES;
				GCC_WARN_UNINITIALIZED_AUTOS = YES_AGGRESSIVE;
				GCC_WARN_UNUSED_FUNCTION = YES;
				GCC_WARN_UNUSED_VARIABLE = YES;
				IPHONEOS_DEPLOYMENT_TARGET = 9.3;
				MTL_ENABLE_DEBUG_INFO = NO;
				SDKROOT = iphoneos;
				TARGETED_DEVICE_FAMILY = "1,2";
				VALIDATE_PRODUCT = YES;
			};
			name = Release;
		};
		C4FC66981D427D1300E63DE2 /* Debug */ = {
			isa = XCBuildConfiguration;
			baseConfigurationReference = 8C20C97F01FF61E55927DA67 /* Pods-FirstGetRequest.debug.xcconfig */;
			buildSettings = {
				ASSETCATALOG_COMPILER_APPICON_NAME = AppIcon;
				CODE_SIGN_IDENTITY = "iPhone Developer";
				"CODE_SIGN_IDENTITY[sdk=iphoneos*]" = "iPhone Developer";
				INFOPLIST_FILE = FirstGetRequest/Info.plist;
				LD_RUNPATH_SEARCH_PATHS = "$(inherited) @executable_path/Frameworks";
				PRODUCT_BUNDLE_IDENTIFIER = fess2036.FirstGetRequest;
				PRODUCT_NAME = "$(TARGET_NAME)";
				PROVISIONING_PROFILE = "";
			};
			name = Debug;
		};
		C4FC66991D427D1300E63DE2 /* Release */ = {
			isa = XCBuildConfiguration;
			baseConfigurationReference = 16C8DCAD84FBEDAC2E76B6A7 /* Pods-FirstGetRequest.release.xcconfig */;
			buildSettings = {
				ASSETCATALOG_COMPILER_APPICON_NAME = AppIcon;
				CODE_SIGN_IDENTITY = "iPhone Developer";
				"CODE_SIGN_IDENTITY[sdk=iphoneos*]" = "iPhone Developer";
				INFOPLIST_FILE = FirstGetRequest/Info.plist;
				LD_RUNPATH_SEARCH_PATHS = "$(inherited) @executable_path/Frameworks";
				PRODUCT_BUNDLE_IDENTIFIER = fess2036.FirstGetRequest;
				PRODUCT_NAME = "$(TARGET_NAME)";
				PROVISIONING_PROFILE = "";
			};
			name = Release;
		};
		C4FC669B1D427D1300E63DE2 /* Debug */ = {
			isa = XCBuildConfiguration;
			baseConfigurationReference = 0FCCDFAF79D0013EEB192809 /* Pods-FirstGetRequestTests.debug.xcconfig */;
			buildSettings = {
				BUNDLE_LOADER = "$(TEST_HOST)";
				INFOPLIST_FILE = FirstGetRequestTests/Info.plist;
				LD_RUNPATH_SEARCH_PATHS = "$(inherited) @executable_path/Frameworks @loader_path/Frameworks";
				PRODUCT_BUNDLE_IDENTIFIER = fess2036.FirstGetRequestTests;
				PRODUCT_NAME = "$(TARGET_NAME)";
				TEST_HOST = "$(BUILT_PRODUCTS_DIR)/FirstGetRequest.app/FirstGetRequest";
			};
			name = Debug;
		};
		C4FC669C1D427D1300E63DE2 /* Release */ = {
			isa = XCBuildConfiguration;
			baseConfigurationReference = 861B93C2CBE3D9130D945A5A /* Pods-FirstGetRequestTests.release.xcconfig */;
			buildSettings = {
				BUNDLE_LOADER = "$(TEST_HOST)";
				INFOPLIST_FILE = FirstGetRequestTests/Info.plist;
				LD_RUNPATH_SEARCH_PATHS = "$(inherited) @executable_path/Frameworks @loader_path/Frameworks";
				PRODUCT_BUNDLE_IDENTIFIER = fess2036.FirstGetRequestTests;
				PRODUCT_NAME = "$(TARGET_NAME)";
				TEST_HOST = "$(BUILT_PRODUCTS_DIR)/FirstGetRequest.app/FirstGetRequest";
			};
			name = Release;
		};
		C4FC669E1D427D1300E63DE2 /* Debug */ = {
			isa = XCBuildConfiguration;
			baseConfigurationReference = D0E0D126754D3EE3118716CD /* Pods-FirstGetRequestUITests.debug.xcconfig */;
			buildSettings = {
				INFOPLIST_FILE = FirstGetRequestUITests/Info.plist;
				LD_RUNPATH_SEARCH_PATHS = "$(inherited) @executable_path/Frameworks @loader_path/Frameworks";
				PRODUCT_BUNDLE_IDENTIFIER = fess2036.FirstGetRequestUITests;
				PRODUCT_NAME = "$(TARGET_NAME)";
				TEST_TARGET_NAME = FirstGetRequest;
			};
			name = Debug;
		};
		C4FC669F1D427D1300E63DE2 /* Release */ = {
			isa = XCBuildConfiguration;
			baseConfigurationReference = 57D94A150AE489FB1134A028 /* Pods-FirstGetRequestUITests.release.xcconfig */;
			buildSettings = {
				INFOPLIST_FILE = FirstGetRequestUITests/Info.plist;
				LD_RUNPATH_SEARCH_PATHS = "$(inherited) @executable_path/Frameworks @loader_path/Frameworks";
				PRODUCT_BUNDLE_IDENTIFIER = fess2036.FirstGetRequestUITests;
				PRODUCT_NAME = "$(TARGET_NAME)";
				TEST_TARGET_NAME = FirstGetRequest;
			};
			name = Release;
		};
/* End XCBuildConfiguration section */

/* Begin XCConfigurationList section */
		C4FC666A1D427D1200E63DE2 /* Build configuration list for PBXProject "FirstGetRequest" */ = {
			isa = XCConfigurationList;
			buildConfigurations = (
				C4FC66951D427D1300E63DE2 /* Debug */,
				C4FC66961D427D1300E63DE2 /* Release */,
			);
			defaultConfigurationIsVisible = 0;
			defaultConfigurationName = Release;
		};
		C4FC66971D427D1300E63DE2 /* Build configuration list for PBXNativeTarget "FirstGetRequest" */ = {
			isa = XCConfigurationList;
			buildConfigurations = (
				C4FC66981D427D1300E63DE2 /* Debug */,
				C4FC66991D427D1300E63DE2 /* Release */,
			);
			defaultConfigurationIsVisible = 0;
			defaultConfigurationName = Release;
		};
		C4FC669A1D427D1300E63DE2 /* Build configuration list for PBXNativeTarget "FirstGetRequestTests" */ = {
			isa = XCConfigurationList;
			buildConfigurations = (
				C4FC669B1D427D1300E63DE2 /* Debug */,
				C4FC669C1D427D1300E63DE2 /* Release */,
			);
			defaultConfigurationIsVisible = 0;
			defaultConfigurationName = Release;
		};
		C4FC669D1D427D1300E63DE2 /* Build configuration list for PBXNativeTarget "FirstGetRequestUITests" */ = {
			isa = XCConfigurationList;
			buildConfigurations = (
				C4FC669E1D427D1300E63DE2 /* Debug */,
				C4FC669F1D427D1300E63DE2 /* Release */,
			);
			defaultConfigurationIsVisible = 0;
			defaultConfigurationName = Release;
		};
/* End XCConfigurationList section */
	};
	rootObject = C4FC66671D427D1200E63DE2 /* Project object */;
}
